
Microsoft Visual Studio Solution File, Format Version 11.00
# Visual Studio 2010
Project("{FAE04EC0-301F-11D3-BF4B-00C04F79EFBC}") = "AR_APP - testi", "Assembly-CSharp.csproj", "{B9A68FF3-D3E5-368F-E33B-53F1A0193AFA}"
EndProject
Project("{FAE04EC0-301F-11D3-BF4B-00C04F79EFBC}") = "AR_APP - testi", "Assembly-CSharp-Editor.csproj", "{2EEE5F08-7AD7-3485-CA48-97FFD870370C}"
EndProject
Global
	GlobalSection(SolutionConfigurationPlatforms) = preSolution
		Debug|Any CPU = Debug|Any CPU
		Release|Any CPU = Release|Any CPU
	EndGlobalSection
	GlobalSection(ProjectConfigurationPlatforms) = postSolution
		{B9A68FF3-D3E5-368F-E33B-53F1A0193AFA}.Debug|Any CPU.ActiveCfg = Debug|Any CPU
		{B9A68FF3-D3E5-368F-E33B-53F1A0193AFA}.Debug|Any CPU.Build.0 = Debug|Any CPU
		{B9A68FF3-D3E5-368F-E33B-53F1A0193AFA}.Release|Any CPU.ActiveCfg = Release|Any CPU
		{B9A68FF3-D3E5-368F-E33B-53F1A0193AFA}.Release|Any CPU.Build.0 = Release|Any CPU
		{2EEE5F08-7AD7-3485-CA48-97FFD870370C}.Debug|Any CPU.ActiveCfg = Debug|Any CPU
		{2EEE5F08-7AD7-3485-CA48-97FFD870370C}.Debug|Any CPU.Build.0 = Debug|Any CPU
		{2EEE5F08-7AD7-3485-CA48-97FFD870370C}.Release|Any CPU.ActiveCfg = Release|Any CPU
		{2EEE5F08-7AD7-3485-CA48-97FFD870370C}.Release|Any CPU.Build.0 = Release|Any CPU
	EndGlobalSection
	GlobalSection(SolutionProperties) = preSolution
		HideSolutionNode = FALSE
	EndGlobalSection
	GlobalSection(MonoDevelopProperties) = preSolution
		StartupItem = Assembly-CSharp.csproj
	EndGlobalSection
EndGlobal
